// !$*UTF8*$!
{
	archiveVersion = 1;
	classes = {
	};
	objectVersion = 50;
	objects = {

/* Begin PBXBuildFile section */
		6D80C39F248CB36700B96EDD /* main.cpp in Sources */ = {isa = PBXBuildFile; fileRef = 6D80C39E248CB36700B96EDD /* main.cpp */; };
		6D80C3A6248CB52E00B96EDD /* libopencv_imgproc.4.3.0.dylib in Frameworks */ = {isa = PBXBuildFile; fileRef = 6D80C3A5248CB52E00B96EDD /* libopencv_imgproc.4.3.0.dylib */; };
		6D80C3A8248CB57900B96EDD /* libopencv_flann.4.3.0.dylib in Frameworks */ = {isa = PBXBuildFile; fileRef = 6D80C3A7248CB57900B96EDD /* libopencv_flann.4.3.0.dylib */; };
		6D80C3AA248CB66200B96EDD /* libopencv_highgui.4.3.0.dylib in Frameworks */ = {isa = PBXBuildFile; fileRef = 6D80C3A9248CB66200B96EDD /* libopencv_highgui.4.3.0.dylib */; };
		6D80C3AC248CB6CF00B96EDD /* libopencv_xphoto.4.3.0.dylib in Frameworks */ = {isa = PBXBuildFile; fileRef = 6D80C3AB248CB6CF00B96EDD /* libopencv_xphoto.4.3.0.dylib */; };
		6D80C3DE248CB8BC00B96EDD /* libopencv_gapi.4.3.0.dylib in Frameworks */ = {isa = PBXBuildFile; fileRef = 6D80C3AF248CB8BA00B96EDD /* libopencv_gapi.4.3.0.dylib */; };
		6D80C3DF248CB8BC00B96EDD /* libopencv_ccalib.4.3.0.dylib in Frameworks */ = {isa = PBXBuildFile; fileRef = 6D80C3B0248CB8BA00B96EDD /* libopencv_ccalib.4.3.0.dylib */; };
		6D80C3E0248CB8BC00B96EDD /* libopencv_rapid.4.3.0.dylib in Frameworks */ = {isa = PBXBuildFile; fileRef = 6D80C3B1248CB8BA00B96EDD /* libopencv_rapid.4.3.0.dylib */; };
		6D80C3E1248CB8BC00B96EDD /* libopencv_dnn_objdetect.4.3.0.dylib in Frameworks */ = {isa = PBXBuildFile; fileRef = 6D80C3B2248CB8BA00B96EDD /* libopencv_dnn_objdetect.4.3.0.dylib */; };
		6D80C3E2248CB8BC00B96EDD /* libopencv_dnn_superres.4.3.0.dylib in Frameworks */ = {isa = PBXBuildFile; fileRef = 6D80C3B3248CB8BA00B96EDD /* libopencv_dnn_superres.4.3.0.dylib */; };
		6D80C3E3248CB8BC00B96EDD /* libopencv_features2d.4.3.0.dylib in Frameworks */ = {isa = PBXBuildFile; fileRef = 6D80C3B4248CB8BA00B96EDD /* libopencv_features2d.4.3.0.dylib */; };
		6D80C3E4248CB8BC00B96EDD /* libopencv_xfeatures2d.4.3.0.dylib in Frameworks */ = {isa = PBXBuildFile; fileRef = 6D80C3B5248CB8BA00B96EDD /* libopencv_xfeatures2d.4.3.0.dylib */; };
		6D80C3E5248CB8BC00B96EDD /* libopencv_calib3d.4.3.0.dylib in Frameworks */ = {isa = PBXBuildFile; fileRef = 6D80C3B6248CB8BA00B96EDD /* libopencv_calib3d.4.3.0.dylib */; };
		6D80C3E6248CB8BC00B96EDD /* libopencv_phase_unwrapping.4.3.0.dylib in Frameworks */ = {isa = PBXBuildFile; fileRef = 6D80C3B7248CB8BA00B96EDD /* libopencv_phase_unwrapping.4.3.0.dylib */; };
		6D80C3E7248CB8BC00B96EDD /* libopencv_dpm.4.3.0.dylib in Frameworks */ = {isa = PBXBuildFile; fileRef = 6D80C3B8248CB8BA00B96EDD /* libopencv_dpm.4.3.0.dylib */; };
		6D80C3E8248CB8BC00B96EDD /* libopencv_imgcodecs.4.3.0.dylib in Frameworks */ = {isa = PBXBuildFile; fileRef = 6D80C3B9248CB8BA00B96EDD /* libopencv_imgcodecs.4.3.0.dylib */; };
		6D80C3E9248CB8BC00B96EDD /* libopencv_intensity_transform.4.3.0.dylib in Frameworks */ = {isa = PBXBuildFile; fileRef = 6D80C3BA248CB8BA00B96EDD /* libopencv_intensity_transform.4.3.0.dylib */; };
		6D80C3EA248CB8BC00B96EDD /* libopencv_shape.4.3.0.dylib in Frameworks */ = {isa = PBXBuildFile; fileRef = 6D80C3BB248CB8BA00B96EDD /* libopencv_shape.4.3.0.dylib */; };
		6D80C3EB248CB8BC00B96EDD /* libopencv_freetype.4.3.0.dylib in Frameworks */ = {isa = PBXBuildFile; fileRef = 6D80C3BC248CB8BA00B96EDD /* libopencv_freetype.4.3.0.dylib */; };
		6D80C3EC248CB8BC00B96EDD /* libopencv_superres.4.3.0.dylib in Frameworks */ = {isa = PBXBuildFile; fileRef = 6D80C3BD248CB8BA00B96EDD /* libopencv_superres.4.3.0.dylib */; };
		6D80C3ED248CB8BC00B96EDD /* libopencv_video.4.3.0.dylib in Frameworks */ = {isa = PBXBuildFile; fileRef = 6D80C3BE248CB8BA00B96EDD /* libopencv_video.4.3.0.dylib */; };
		6D80C3EE248CB8BC00B96EDD /* libopencv_tracking.4.3.0.dylib in Frameworks */ = {isa = PBXBuildFile; fileRef = 6D80C3BF248CB8BB00B96EDD /* libopencv_tracking.4.3.0.dylib */; };
		6D80C3EF248CB8BC00B96EDD /* libopencv_ximgproc.4.3.0.dylib in Frameworks */ = {isa = PBXBuildFile; fileRef = 6D80C3C0248CB8BB00B96EDD /* libopencv_ximgproc.4.3.0.dylib */; };
		6D80C3F0248CB8BC00B96EDD /* libopencv_optflow.4.3.0.dylib in Frameworks */ = {isa = PBXBuildFile; fileRef = 6D80C3C1248CB8BB00B96EDD /* libopencv_optflow.4.3.0.dylib */; };
		6D80C3F1248CB8BC00B96EDD /* libopencv_bgsegm.4.3.0.dylib in Frameworks */ = {isa = PBXBuildFile; fileRef = 6D80C3C2248CB8BB00B96EDD /* libopencv_bgsegm.4.3.0.dylib */; };
		6D80C3F2248CB8BC00B96EDD /* libopencv_alphamat.4.3.0.dylib in Frameworks */ = {isa = PBXBuildFile; fileRef = 6D80C3C3248CB8BB00B96EDD /* libopencv_alphamat.4.3.0.dylib */; };
		6D80C3F3248CB8BC00B96EDD /* libopencv_rgbd.4.3.0.dylib in Frameworks */ = {isa = PBXBuildFile; fileRef = 6D80C3C4248CB8BB00B96EDD /* libopencv_rgbd.4.3.0.dylib */; };
		6D80C3F4248CB8BC00B96EDD /* libopencv_reg.4.3.0.dylib in Frameworks */ = {isa = PBXBuildFile; fileRef = 6D80C3C5248CB8BB00B96EDD /* libopencv_reg.4.3.0.dylib */; };
		6D80C3F5248CB8BC00B96EDD /* libopencv_core.4.3.0.dylib in Frameworks */ = {isa = PBXBuildFile; fileRef = 6D80C3C6248CB8BB00B96EDD /* libopencv_core.4.3.0.dylib */; };
		6D80C3F6248CB8BC00B96EDD /* libopencv_bioinspired.4.3.0.dylib in Frameworks */ = {isa = PBXBuildFile; fileRef = 6D80C3C7248CB8BB00B96EDD /* libopencv_bioinspired.4.3.0.dylib */; };
		6D80C3F7248CB8BC00B96EDD /* libopencv_hfs.4.3.0.dylib in Frameworks */ = {isa = PBXBuildFile; fileRef = 6D80C3C8248CB8BB00B96EDD /* libopencv_hfs.4.3.0.dylib */; };
		6D80C3F8248CB8BC00B96EDD /* libopencv_photo.4.3.0.dylib in Frameworks */ = {isa = PBXBuildFile; fileRef = 6D80C3C9248CB8BB00B96EDD /* libopencv_photo.4.3.0.dylib */; };
		6D80C3F9248CB8BC00B96EDD /* libopencv_saliency.4.3.0.dylib in Frameworks */ = {isa = PBXBuildFile; fileRef = 6D80C3CA248CB8BB00B96EDD /* libopencv_saliency.4.3.0.dylib */; };
		6D80C3FA248CB8BC00B96EDD /* libopencv_aruco.4.3.0.dylib in Frameworks */ = {isa = PBXBuildFile; fileRef = 6D80C3CB248CB8BB00B96EDD /* libopencv_aruco.4.3.0.dylib */; };
		6D80C3FB248CB8BC00B96EDD /* libopencv_objdetect.4.3.0.dylib in Frameworks */ = {isa = PBXBuildFile; fileRef = 6D80C3CC248CB8BB00B96EDD /* libopencv_objdetect.4.3.0.dylib */; };
		6D80C3FC248CB8BC00B96EDD /* libopencv_line_descriptor.4.3.0.dylib in Frameworks */ = {isa = PBXBuildFile; fileRef = 6D80C3CD248CB8BB00B96EDD /* libopencv_line_descriptor.4.3.0.dylib */; };
		6D80C3FD248CB8BC00B96EDD /* libopencv_plot.4.3.0.dylib in Frameworks */ = {isa = PBXBuildFile; fileRef = 6D80C3CE248CB8BB00B96EDD /* libopencv_plot.4.3.0.dylib */; };
		6D80C3FE248CB8BC00B96EDD /* libopencv_stereo.4.3.0.dylib in Frameworks */ = {isa = PBXBuildFile; fileRef = 6D80C3CF248CB8BB00B96EDD /* libopencv_stereo.4.3.0.dylib */; };
		6D80C3FF248CB8BC00B96EDD /* libopencv_stitching.4.3.0.dylib in Frameworks */ = {isa = PBXBuildFile; fileRef = 6D80C3D0248CB8BB00B96EDD /* libopencv_stitching.4.3.0.dylib */; };
		6D80C400248CB8BC00B96EDD /* libopencv_fuzzy.4.3.0.dylib in Frameworks */ = {isa = PBXBuildFile; fileRef = 6D80C3D1248CB8BB00B96EDD /* libopencv_fuzzy.4.3.0.dylib */; };
		6D80C401248CB8BC00B96EDD /* libopencv_surface_matching.4.3.0.dylib in Frameworks */ = {isa = PBXBuildFile; fileRef = 6D80C3D2248CB8BC00B96EDD /* libopencv_surface_matching.4.3.0.dylib */; };
		6D80C402248CB8BC00B96EDD /* libopencv_text.4.3.0.dylib in Frameworks */ = {isa = PBXBuildFile; fileRef = 6D80C3D3248CB8BC00B96EDD /* libopencv_text.4.3.0.dylib */; };
		6D80C403248CB8BC00B96EDD /* libopencv_videostab.4.3.0.dylib in Frameworks */ = {isa = PBXBuildFile; fileRef = 6D80C3D4248CB8BC00B96EDD /* libopencv_videostab.4.3.0.dylib */; };
		6D80C404248CB8BC00B96EDD /* libopencv_videoio.4.3.0.dylib in Frameworks */ = {isa = PBXBuildFile; fileRef = 6D80C3D5248CB8BC00B96EDD /* libopencv_videoio.4.3.0.dylib */; };
		6D80C405248CB8BC00B96EDD /* libopencv_ml.4.3.0.dylib in Frameworks */ = {isa = PBXBuildFile; fileRef = 6D80C3D6248CB8BC00B96EDD /* libopencv_ml.4.3.0.dylib */; };
		6D80C406248CB8BC00B96EDD /* libopencv_sfm.4.3.0.dylib in Frameworks */ = {isa = PBXBuildFile; fileRef = 6D80C3D7248CB8BC00B96EDD /* libopencv_sfm.4.3.0.dylib */; };
		6D80C407248CB8BC00B96EDD /* libopencv_xobjdetect.4.3.0.dylib in Frameworks */ = {isa = PBXBuildFile; fileRef = 6D80C3D8248CB8BC00B96EDD /* libopencv_xobjdetect.4.3.0.dylib */; };
		6D80C408248CB8BC00B96EDD /* libopencv_img_hash.4.3.0.dylib in Frameworks */ = {isa = PBXBuildFile; fileRef = 6D80C3D9248CB8BC00B96EDD /* libopencv_img_hash.4.3.0.dylib */; };
		6D80C409248CB8BC00B96EDD /* libopencv_face.4.3.0.dylib in Frameworks */ = {isa = PBXBuildFile; fileRef = 6D80C3DA248CB8BC00B96EDD /* libopencv_face.4.3.0.dylib */; };
		6D80C40A248CB8BC00B96EDD /* libopencv_datasets.4.3.0.dylib in Frameworks */ = {isa = PBXBuildFile; fileRef = 6D80C3DB248CB8BC00B96EDD /* libopencv_datasets.4.3.0.dylib */; };
		6D80C40B248CB8BC00B96EDD /* libopencv_quality.4.3.0.dylib in Frameworks */ = {isa = PBXBuildFile; fileRef = 6D80C3DC248CB8BC00B96EDD /* libopencv_quality.4.3.0.dylib */; };
		6D80C40C248CB8BC00B96EDD /* libopencv_structured_light.4.3.0.dylib in Frameworks */ = {isa = PBXBuildFile; fileRef = 6D80C3DD248CB8BC00B96EDD /* libopencv_structured_light.4.3.0.dylib */; };
/* End PBXBuildFile section */

/* Begin PBXCopyFilesBuildPhase section */
		6D80C399248CB36700B96EDD /* CopyFiles */ = {
			isa = PBXCopyFilesBuildPhase;
			buildActionMask = 2147483647;
			dstPath = /usr/share/man/man1/;
			dstSubfolderSpec = 0;
			files = (
			);
			runOnlyForDeploymentPostprocessing = 1;
		};
/* End PBXCopyFilesBuildPhase section */

/* Begin PBXFileReference section */
		6D80C39B248CB36700B96EDD /* openCV-test */ = {isa = PBXFileReference; explicitFileType = "compiled.mach-o.executable"; includeInIndex = 0; path = "openCV-test"; sourceTree = BUILT_PRODUCTS_DIR; };
		6D80C39E248CB36700B96EDD /* main.cpp */ = {isa = PBXFileReference; lastKnownFileType = sourcecode.cpp.cpp; path = main.cpp; sourceTree = "<group>"; };
		6D80C3A5248CB52E00B96EDD /* libopencv_imgproc.4.3.0.dylib */ = {isa = PBXFileReference; lastKnownFileType = "compiled.mach-o.dylib"; name = libopencv_imgproc.4.3.0.dylib; path = ../../../../../usr/local/Cellar/opencv/4.3.0_4/lib/libopencv_imgproc.4.3.0.dylib; sourceTree = "<group>"; };
		6D80C3A7248CB57900B96EDD /* libopencv_flann.4.3.0.dylib */ = {isa = PBXFileReference; lastKnownFileType = "compiled.mach-o.dylib"; name = libopencv_flann.4.3.0.dylib; path = ../../../../../usr/local/Cellar/opencv/4.3.0_4/lib/libopencv_flann.4.3.0.dylib; sourceTree = "<group>"; };
		6D80C3A9248CB66200B96EDD /* libopencv_highgui.4.3.0.dylib */ = {isa = PBXFileReference; lastKnownFileType = "compiled.mach-o.dylib"; name = libopencv_highgui.4.3.0.dylib; path = ../../../../../usr/local/Cellar/opencv/4.3.0_4/lib/libopencv_highgui.4.3.0.dylib; sourceTree = "<group>"; };
		6D80C3AB248CB6CF00B96EDD /* libopencv_xphoto.4.3.0.dylib */ = {isa = PBXFileReference; lastKnownFileType = "compiled.mach-o.dylib"; name = libopencv_xphoto.4.3.0.dylib; path = ../../../../../usr/local/Cellar/opencv/4.3.0_4/lib/libopencv_xphoto.4.3.0.dylib; sourceTree = "<group>"; };
		6D80C3AF248CB8BA00B96EDD /* libopencv_gapi.4.3.0.dylib */ = {isa = PBXFileReference; lastKnownFileType = "compiled.mach-o.dylib"; name = libopencv_gapi.4.3.0.dylib; path = ../../../../../usr/local/Cellar/opencv/4.3.0_4/lib/libopencv_gapi.4.3.0.dylib; sourceTree = "<group>"; };
		6D80C3B0248CB8BA00B96EDD /* libopencv_ccalib.4.3.0.dylib */ = {isa = PBXFileReference; lastKnownFileType = "compiled.mach-o.dylib"; name = libopencv_ccalib.4.3.0.dylib; path = ../../../../../usr/local/Cellar/opencv/4.3.0_4/lib/libopencv_ccalib.4.3.0.dylib; sourceTree = "<group>"; };
		6D80C3B1248CB8BA00B96EDD /* libopencv_rapid.4.3.0.dylib */ = {isa = PBXFileReference; lastKnownFileType = "compiled.mach-o.dylib"; name = libopencv_rapid.4.3.0.dylib; path = ../../../../../usr/local/Cellar/opencv/4.3.0_4/lib/libopencv_rapid.4.3.0.dylib; sourceTree = "<group>"; };
		6D80C3B2248CB8BA00B96EDD /* libopencv_dnn_objdetect.4.3.0.dylib */ = {isa = PBXFileReference; lastKnownFileType = "compiled.mach-o.dylib"; name = libopencv_dnn_objdetect.4.3.0.dylib; path = ../../../../../usr/local/Cellar/opencv/4.3.0_4/lib/libopencv_dnn_objdetect.4.3.0.dylib; sourceTree = "<group>"; };
		6D80C3B3248CB8BA00B96EDD /* libopencv_dnn_superres.4.3.0.dylib */ = {isa = PBXFileReference; lastKnownFileType = "compiled.mach-o.dylib"; name = libopencv_dnn_superres.4.3.0.dylib; path = ../../../../../usr/local/Cellar/opencv/4.3.0_4/lib/libopencv_dnn_superres.4.3.0.dylib; sourceTree = "<group>"; };
		6D80C3B4248CB8BA00B96EDD /* libopencv_features2d.4.3.0.dylib */ = {isa = PBXFileReference; lastKnownFileType = "compiled.mach-o.dylib"; name = libopencv_features2d.4.3.0.dylib; path = ../../../../../usr/local/Cellar/opencv/4.3.0_4/lib/libopencv_features2d.4.3.0.dylib; sourceTree = "<group>"; };
		6D80C3B5248CB8BA00B96EDD /* libopencv_xfeatures2d.4.3.0.dylib */ = {isa = PBXFileReference; lastKnownFileType = "compiled.mach-o.dylib"; name = libopencv_xfeatures2d.4.3.0.dylib; path = ../../../../../usr/local/Cellar/opencv/4.3.0_4/lib/libopencv_xfeatures2d.4.3.0.dylib; sourceTree = "<group>"; };
		6D80C3B6248CB8BA00B96EDD /* libopencv_calib3d.4.3.0.dylib */ = {isa = PBXFileReference; lastKnownFileType = "compiled.mach-o.dylib"; name = libopencv_calib3d.4.3.0.dylib; path = ../../../../../usr/local/Cellar/opencv/4.3.0_4/lib/libopencv_calib3d.4.3.0.dylib; sourceTree = "<group>"; };
		6D80C3B7248CB8BA00B96EDD /* libopencv_phase_unwrapping.4.3.0.dylib */ = {isa = PBXFileReference; lastKnownFileType = "compiled.mach-o.dylib"; name = libopencv_phase_unwrapping.4.3.0.dylib; path = ../../../../../usr/local/Cellar/opencv/4.3.0_4/lib/libopencv_phase_unwrapping.4.3.0.dylib; sourceTree = "<group>"; };
		6D80C3B8248CB8BA00B96EDD /* libopencv_dpm.4.3.0.dylib */ = {isa = PBXFileReference; lastKnownFileType = "compiled.mach-o.dylib"; name = libopencv_dpm.4.3.0.dylib; path = ../../../../../usr/local/Cellar/opencv/4.3.0_4/lib/libopencv_dpm.4.3.0.dylib; sourceTree = "<group>"; };
		6D80C3B9248CB8BA00B96EDD /* libopencv_imgcodecs.4.3.0.dylib */ = {isa = PBXFileReference; lastKnownFileType = "compiled.mach-o.dylib"; name = libopencv_imgcodecs.4.3.0.dylib; path = ../../../../../usr/local/Cellar/opencv/4.3.0_4/lib/libopencv_imgcodecs.4.3.0.dylib; sourceTree = "<group>"; };
		6D80C3BA248CB8BA00B96EDD /* libopencv_intensity_transform.4.3.0.dylib */ = {isa = PBXFileReference; lastKnownFileType = "compiled.mach-o.dylib"; name = libopencv_intensity_transform.4.3.0.dylib; path = ../../../../../usr/local/Cellar/opencv/4.3.0_4/lib/libopencv_intensity_transform.4.3.0.dylib; sourceTree = "<group>"; };
		6D80C3BB248CB8BA00B96EDD /* libopencv_shape.4.3.0.dylib */ = {isa = PBXFileReference; lastKnownFileType = "compiled.mach-o.dylib"; name = libopencv_shape.4.3.0.dylib; path = ../../../../../usr/local/Cellar/opencv/4.3.0_4/lib/libopencv_shape.4.3.0.dylib; sourceTree = "<group>"; };
		6D80C3BC248CB8BA00B96EDD /* libopencv_freetype.4.3.0.dylib */ = {isa = PBXFileReference; lastKnownFileType = "compiled.mach-o.dylib"; name = libopencv_freetype.4.3.0.dylib; path = ../../../../../usr/local/Cellar/opencv/4.3.0_4/lib/libopencv_freetype.4.3.0.dylib; sourceTree = "<group>"; };
		6D80C3BD248CB8BA00B96EDD /* libopencv_superres.4.3.0.dylib */ = {isa = PBXFileReference; lastKnownFileType = "compiled.mach-o.dylib"; name = libopencv_superres.4.3.0.dylib; path = ../../../../../usr/local/Cellar/opencv/4.3.0_4/lib/libopencv_superres.4.3.0.dylib; sourceTree = "<group>"; };
		6D80C3BE248CB8BA00B96EDD /* libopencv_video.4.3.0.dylib */ = {isa = PBXFileReference; lastKnownFileType = "compiled.mach-o.dylib"; name = libopencv_video.4.3.0.dylib; path = ../../../../../usr/local/Cellar/opencv/4.3.0_4/lib/libopencv_video.4.3.0.dylib; sourceTree = "<group>"; };
		6D80C3BF248CB8BB00B96EDD /* libopencv_tracking.4.3.0.dylib */ = {isa = PBXFileReference; lastKnownFileType = "compiled.mach-o.dylib"; name = libopencv_tracking.4.3.0.dylib; path = ../../../../../usr/local/Cellar/opencv/4.3.0_4/lib/libopencv_tracking.4.3.0.dylib; sourceTree = "<group>"; };
		6D80C3C0248CB8BB00B96EDD /* libopencv_ximgproc.4.3.0.dylib */ = {isa = PBXFileReference; lastKnownFileType = "compiled.mach-o.dylib"; name = libopencv_ximgproc.4.3.0.dylib; path = ../../../../../usr/local/Cellar/opencv/4.3.0_4/lib/libopencv_ximgproc.4.3.0.dylib; sourceTree = "<group>"; };
		6D80C3C1248CB8BB00B96EDD /* libopencv_optflow.4.3.0.dylib */ = {isa = PBXFileReference; lastKnownFileType = "compiled.mach-o.dylib"; name = libopencv_optflow.4.3.0.dylib; path = ../../../../../usr/local/Cellar/opencv/4.3.0_4/lib/libopencv_optflow.4.3.0.dylib; sourceTree = "<group>"; };
		6D80C3C2248CB8BB00B96EDD /* libopencv_bgsegm.4.3.0.dylib */ = {isa = PBXFileReference; lastKnownFileType = "compiled.mach-o.dylib"; name = libopencv_bgsegm.4.3.0.dylib; path = ../../../../../usr/local/Cellar/opencv/4.3.0_4/lib/libopencv_bgsegm.4.3.0.dylib; sourceTree = "<group>"; };
		6D80C3C3248CB8BB00B96EDD /* libopencv_alphamat.4.3.0.dylib */ = {isa = PBXFileReference; lastKnownFileType = "compiled.mach-o.dylib"; name = libopencv_alphamat.4.3.0.dylib; path = ../../../../../usr/local/Cellar/opencv/4.3.0_4/lib/libopencv_alphamat.4.3.0.dylib; sourceTree = "<group>"; };
		6D80C3C4248CB8BB00B96EDD /* libopencv_rgbd.4.3.0.dylib */ = {isa = PBXFileReference; lastKnownFileType = "compiled.mach-o.dylib"; name = libopencv_rgbd.4.3.0.dylib; path = ../../../../../usr/local/Cellar/opencv/4.3.0_4/lib/libopencv_rgbd.4.3.0.dylib; sourceTree = "<group>"; };
		6D80C3C5248CB8BB00B96EDD /* libopencv_reg.4.3.0.dylib */ = {isa = PBXFileReference; lastKnownFileType = "compiled.mach-o.dylib"; name = libopencv_reg.4.3.0.dylib; path = ../../../../../usr/local/Cellar/opencv/4.3.0_4/lib/libopencv_reg.4.3.0.dylib; sourceTree = "<group>"; };
		6D80C3C6248CB8BB00B96EDD /* libopencv_core.4.3.0.dylib */ = {isa = PBXFileReference; lastKnownFileType = "compiled.mach-o.dylib"; name = libopencv_core.4.3.0.dylib; path = ../../../../../usr/local/Cellar/opencv/4.3.0_4/lib/libopencv_core.4.3.0.dylib; sourceTree = "<group>"; };
		6D80C3C7248CB8BB00B96EDD /* libopencv_bioinspired.4.3.0.dylib */ = {isa = PBXFileReference; lastKnownFileType = "compiled.mach-o.dylib"; name = libopencv_bioinspired.4.3.0.dylib; path = ../../../../../usr/local/Cellar/opencv/4.3.0_4/lib/libopencv_bioinspired.4.3.0.dylib; sourceTree = "<group>"; };
		6D80C3C8248CB8BB00B96EDD /* libopencv_hfs.4.3.0.dylib */ = {isa = PBXFileReference; lastKnownFileType = "compiled.mach-o.dylib"; name = libopencv_hfs.4.3.0.dylib; path = ../../../../../usr/local/Cellar/opencv/4.3.0_4/lib/libopencv_hfs.4.3.0.dylib; sourceTree = "<group>"; };
		6D80C3C9248CB8BB00B96EDD /* libopencv_photo.4.3.0.dylib */ = {isa = PBXFileReference; lastKnownFileType = "compiled.mach-o.dylib"; name = libopencv_photo.4.3.0.dylib; path = ../../../../../usr/local/Cellar/opencv/4.3.0_4/lib/libopencv_photo.4.3.0.dylib; sourceTree = "<group>"; };
		6D80C3CA248CB8BB00B96EDD /* libopencv_saliency.4.3.0.dylib */ = {isa = PBXFileReference; lastKnownFileType = "compiled.mach-o.dylib"; name = libopencv_saliency.4.3.0.dylib; path = ../../../../../usr/local/Cellar/opencv/4.3.0_4/lib/libopencv_saliency.4.3.0.dylib; sourceTree = "<group>"; };
		6D80C3CB248CB8BB00B96EDD /* libopencv_aruco.4.3.0.dylib */ = {isa = PBXFileReference; lastKnownFileType = "compiled.mach-o.dylib"; name = libopencv_aruco.4.3.0.dylib; path = ../../../../../usr/local/Cellar/opencv/4.3.0_4/lib/libopencv_aruco.4.3.0.dylib; sourceTree = "<group>"; };
		6D80C3CC248CB8BB00B96EDD /* libopencv_objdetect.4.3.0.dylib */ = {isa = PBXFileReference; lastKnownFileType = "compiled.mach-o.dylib"; name = libopencv_objdetect.4.3.0.dylib; path = ../../../../../usr/local/Cellar/opencv/4.3.0_4/lib/libopencv_objdetect.4.3.0.dylib; sourceTree = "<group>"; };
		6D80C3CD248CB8BB00B96EDD /* libopencv_line_descriptor.4.3.0.dylib */ = {isa = PBXFileReference; lastKnownFileType = "compiled.mach-o.dylib"; name = libopencv_line_descriptor.4.3.0.dylib; path = ../../../../../usr/local/Cellar/opencv/4.3.0_4/lib/libopencv_line_descriptor.4.3.0.dylib; sourceTree = "<group>"; };
		6D80C3CE248CB8BB00B96EDD /* libopencv_plot.4.3.0.dylib */ = {isa = PBXFileReference; lastKnownFileType = "compiled.mach-o.dylib"; name = libopencv_plot.4.3.0.dylib; path = ../../../../../usr/local/Cellar/opencv/4.3.0_4/lib/libopencv_plot.4.3.0.dylib; sourceTree = "<group>"; };
		6D80C3CF248CB8BB00B96EDD /* libopencv_stereo.4.3.0.dylib */ = {isa = PBXFileReference; lastKnownFileType = "compiled.mach-o.dylib"; name = libopencv_stereo.4.3.0.dylib; path = ../../../../../usr/local/Cellar/opencv/4.3.0_4/lib/libopencv_stereo.4.3.0.dylib; sourceTree = "<group>"; };
		6D80C3D0248CB8BB00B96EDD /* libopencv_stitching.4.3.0.dylib */ = {isa = PBXFileReference; lastKnownFileType = "compiled.mach-o.dylib"; name = libopencv_stitching.4.3.0.dylib; path = ../../../../../usr/local/Cellar/opencv/4.3.0_4/lib/libopencv_stitching.4.3.0.dylib; sourceTree = "<group>"; };
		6D80C3D1248CB8BB00B96EDD /* libopencv_fuzzy.4.3.0.dylib */ = {isa = PBXFileReference; lastKnownFileType = "compiled.mach-o.dylib"; name = libopencv_fuzzy.4.3.0.dylib; path = ../../../../../usr/local/Cellar/opencv/4.3.0_4/lib/libopencv_fuzzy.4.3.0.dylib; sourceTree = "<group>"; };
		6D80C3D2248CB8BC00B96EDD /* libopencv_surface_matching.4.3.0.dylib */ = {isa = PBXFileReference; lastKnownFileType = "compiled.mach-o.dylib"; name = libopencv_surface_matching.4.3.0.dylib; path = ../../../../../usr/local/Cellar/opencv/4.3.0_4/lib/libopencv_surface_matching.4.3.0.dylib; sourceTree = "<group>"; };
		6D80C3D3248CB8BC00B96EDD /* libopencv_text.4.3.0.dylib */ = {isa = PBXFileReference; lastKnownFileType = "compiled.mach-o.dylib"; name = libopencv_text.4.3.0.dylib; path = ../../../../../usr/local/Cellar/opencv/4.3.0_4/lib/libopencv_text.4.3.0.dylib; sourceTree = "<group>"; };
		6D80C3D4248CB8BC00B96EDD /* libopencv_videostab.4.3.0.dylib */ = {isa = PBXFileReference; lastKnownFileType = "compiled.mach-o.dylib"; name = libopencv_videostab.4.3.0.dylib; path = ../../../../../usr/local/Cellar/opencv/4.3.0_4/lib/libopencv_videostab.4.3.0.dylib; sourceTree = "<group>"; };
		6D80C3D5248CB8BC00B96EDD /* libopencv_videoio.4.3.0.dylib */ = {isa = PBXFileReference; lastKnownFileType = "compiled.mach-o.dylib"; name = libopencv_videoio.4.3.0.dylib; path = ../../../../../usr/local/Cellar/opencv/4.3.0_4/lib/libopencv_videoio.4.3.0.dylib; sourceTree = "<group>"; };
		6D80C3D6248CB8BC00B96EDD /* libopencv_ml.4.3.0.dylib */ = {isa = PBXFileReference; lastKnownFileType = "compiled.mach-o.dylib"; name = libopencv_ml.4.3.0.dylib; path = ../../../../../usr/local/Cellar/opencv/4.3.0_4/lib/libopencv_ml.4.3.0.dylib; sourceTree = "<group>"; };
		6D80C3D7248CB8BC00B96EDD /* libopencv_sfm.4.3.0.dylib */ = {isa = PBXFileReference; lastKnownFileType = "compiled.mach-o.dylib"; name = libopencv_sfm.4.3.0.dylib; path = ../../../../../usr/local/Cellar/opencv/4.3.0_4/lib/libopencv_sfm.4.3.0.dylib; sourceTree = "<group>"; };
		6D80C3D8248CB8BC00B96EDD /* libopencv_xobjdetect.4.3.0.dylib */ = {isa = PBXFileReference; lastKnownFileType = "compiled.mach-o.dylib"; name = libopencv_xobjdetect.4.3.0.dylib; path = ../../../../../usr/local/Cellar/opencv/4.3.0_4/lib/libopencv_xobjdetect.4.3.0.dylib; sourceTree = "<group>"; };
		6D80C3D9248CB8BC00B96EDD /* libopencv_img_hash.4.3.0.dylib */ = {isa = PBXFileReference; lastKnownFileType = "compiled.mach-o.dylib"; name = libopencv_img_hash.4.3.0.dylib; path = ../../../../../usr/local/Cellar/opencv/4.3.0_4/lib/libopencv_img_hash.4.3.0.dylib; sourceTree = "<group>"; };
		6D80C3DA248CB8BC00B96EDD /* libopencv_face.4.3.0.dylib */ = {isa = PBXFileReference; lastKnownFileType = "compiled.mach-o.dylib"; name = libopencv_face.4.3.0.dylib; path = ../../../../../usr/local/Cellar/opencv/4.3.0_4/lib/libopencv_face.4.3.0.dylib; sourceTree = "<group>"; };
		6D80C3DB248CB8BC00B96EDD /* libopencv_datasets.4.3.0.dylib */ = {isa = PBXFileReference; lastKnownFileType = "compiled.mach-o.dylib"; name = libopencv_datasets.4.3.0.dylib; path = ../../../../../usr/local/Cellar/opencv/4.3.0_4/lib/libopencv_datasets.4.3.0.dylib; sourceTree = "<group>"; };
		6D80C3DC248CB8BC00B96EDD /* libopencv_quality.4.3.0.dylib */ = {isa = PBXFileReference; lastKnownFileType = "compiled.mach-o.dylib"; name = libopencv_quality.4.3.0.dylib; path = ../../../../../usr/local/Cellar/opencv/4.3.0_4/lib/libopencv_quality.4.3.0.dylib; sourceTree = "<group>"; };
		6D80C3DD248CB8BC00B96EDD /* libopencv_structured_light.4.3.0.dylib */ = {isa = PBXFileReference; lastKnownFileType = "compiled.mach-o.dylib"; name = libopencv_structured_light.4.3.0.dylib; path = ../../../../../usr/local/Cellar/opencv/4.3.0_4/lib/libopencv_structured_light.4.3.0.dylib; sourceTree = "<group>"; };
/* End PBXFileReference section */

/* Begin PBXFrameworksBuildPhase section */
		6D80C398248CB36700B96EDD /* Frameworks */ = {
			isa = PBXFrameworksBuildPhase;
			buildActionMask = 2147483647;
			files = (
				6D80C3FE248CB8BC00B96EDD /* libopencv_stereo.4.3.0.dylib in Frameworks */,
				6D80C3E7248CB8BC00B96EDD /* libopencv_dpm.4.3.0.dylib in Frameworks */,
				6D80C3F6248CB8BC00B96EDD /* libopencv_bioinspired.4.3.0.dylib in Frameworks */,
				6D80C3EC248CB8BC00B96EDD /* libopencv_superres.4.3.0.dylib in Frameworks */,
				6D80C3FC248CB8BC00B96EDD /* libopencv_line_descriptor.4.3.0.dylib in Frameworks */,
				6D80C3E3248CB8BC00B96EDD /* libopencv_features2d.4.3.0.dylib in Frameworks */,
				6D80C3DF248CB8BC00B96EDD /* libopencv_ccalib.4.3.0.dylib in Frameworks */,
				6D80C3DE248CB8BC00B96EDD /* libopencv_gapi.4.3.0.dylib in Frameworks */,
				6D80C3E4248CB8BC00B96EDD /* libopencv_xfeatures2d.4.3.0.dylib in Frameworks */,
				6D80C3E1248CB8BC00B96EDD /* libopencv_dnn_objdetect.4.3.0.dylib in Frameworks */,
				6D80C3F5248CB8BC00B96EDD /* libopencv_core.4.3.0.dylib in Frameworks */,
				6D80C3A8248CB57900B96EDD /* libopencv_flann.4.3.0.dylib in Frameworks */,
				6D80C40B248CB8BC00B96EDD /* libopencv_quality.4.3.0.dylib in Frameworks */,
				6D80C3E8248CB8BC00B96EDD /* libopencv_imgcodecs.4.3.0.dylib in Frameworks */,
				6D80C3FB248CB8BC00B96EDD /* libopencv_objdetect.4.3.0.dylib in Frameworks */,
				6D80C3E0248CB8BC00B96EDD /* libopencv_rapid.4.3.0.dylib in Frameworks */,
				6D80C3E5248CB8BC00B96EDD /* libopencv_calib3d.4.3.0.dylib in Frameworks */,
				6D80C3E2248CB8BC00B96EDD /* libopencv_dnn_superres.4.3.0.dylib in Frameworks */,
				6D80C3AA248CB66200B96EDD /* libopencv_highgui.4.3.0.dylib in Frameworks */,
				6D80C404248CB8BC00B96EDD /* libopencv_videoio.4.3.0.dylib in Frameworks */,
				6D80C408248CB8BC00B96EDD /* libopencv_img_hash.4.3.0.dylib in Frameworks */,
				6D80C3AC248CB6CF00B96EDD /* libopencv_xphoto.4.3.0.dylib in Frameworks */,
				6D80C3EE248CB8BC00B96EDD /* libopencv_tracking.4.3.0.dylib in Frameworks */,
				6D80C405248CB8BC00B96EDD /* libopencv_ml.4.3.0.dylib in Frameworks */,
				6D80C3ED248CB8BC00B96EDD /* libopencv_video.4.3.0.dylib in Frameworks */,
				6D80C3FA248CB8BC00B96EDD /* libopencv_aruco.4.3.0.dylib in Frameworks */,
				6D80C3EA248CB8BC00B96EDD /* libopencv_shape.4.3.0.dylib in Frameworks */,
				6D80C406248CB8BC00B96EDD /* libopencv_sfm.4.3.0.dylib in Frameworks */,
				6D80C3F0248CB8BC00B96EDD /* libopencv_optflow.4.3.0.dylib in Frameworks */,
				6D80C3F2248CB8BC00B96EDD /* libopencv_alphamat.4.3.0.dylib in Frameworks */,
				6D80C409248CB8BC00B96EDD /* libopencv_face.4.3.0.dylib in Frameworks */,
				6D80C3F8248CB8BC00B96EDD /* libopencv_photo.4.3.0.dylib in Frameworks */,
				6D80C403248CB8BC00B96EDD /* libopencv_videostab.4.3.0.dylib in Frameworks */,
				6D80C3FD248CB8BC00B96EDD /* libopencv_plot.4.3.0.dylib in Frameworks */,
				6D80C40C248CB8BC00B96EDD /* libopencv_structured_light.4.3.0.dylib in Frameworks */,
				6D80C3F4248CB8BC00B96EDD /* libopencv_reg.4.3.0.dylib in Frameworks */,
				6D80C40A248CB8BC00B96EDD /* libopencv_datasets.4.3.0.dylib in Frameworks */,
				6D80C3FF248CB8BC00B96EDD /* libopencv_stitching.4.3.0.dylib in Frameworks */,
				6D80C401248CB8BC00B96EDD /* libopencv_surface_matching.4.3.0.dylib in Frameworks */,
				6D80C407248CB8BC00B96EDD /* libopencv_xobjdetect.4.3.0.dylib in Frameworks */,
				6D80C3F3248CB8BC00B96EDD /* libopencv_rgbd.4.3.0.dylib in Frameworks */,
				6D80C3EB248CB8BC00B96EDD /* libopencv_freetype.4.3.0.dylib in Frameworks */,
				6D80C3E6248CB8BC00B96EDD /* libopencv_phase_unwrapping.4.3.0.dylib in Frameworks */,
				6D80C3F9248CB8BC00B96EDD /* libopencv_saliency.4.3.0.dylib in Frameworks */,
				6D80C3A6248CB52E00B96EDD /* libopencv_imgproc.4.3.0.dylib in Frameworks */,
				6D80C400248CB8BC00B96EDD /* libopencv_fuzzy.4.3.0.dylib in Frameworks */,
				6D80C3F1248CB8BC00B96EDD /* libopencv_bgsegm.4.3.0.dylib in Frameworks */,
				6D80C3E9248CB8BC00B96EDD /* libopencv_intensity_transform.4.3.0.dylib in Frameworks */,
				6D80C3F7248CB8BC00B96EDD /* libopencv_hfs.4.3.0.dylib in Frameworks */,
				6D80C3EF248CB8BC00B96EDD /* libopencv_ximgproc.4.3.0.dylib in Frameworks */,
				6D80C402248CB8BC00B96EDD /* libopencv_text.4.3.0.dylib in Frameworks */,
			);
			runOnlyForDeploymentPostprocessing = 0;
		};
/* End PBXFrameworksBuildPhase section */

/* Begin PBXGroup section */
		6D80C392248CB36700B96EDD = {
			isa = PBXGroup;
			children = (
				6D80C3C3248CB8BB00B96EDD /* libopencv_alphamat.4.3.0.dylib */,
				6D80C3CB248CB8BB00B96EDD /* libopencv_aruco.4.3.0.dylib */,
				6D80C3C2248CB8BB00B96EDD /* libopencv_bgsegm.4.3.0.dylib */,
				6D80C3C7248CB8BB00B96EDD /* libopencv_bioinspired.4.3.0.dylib */,
				6D80C3B6248CB8BA00B96EDD /* libopencv_calib3d.4.3.0.dylib */,
				6D80C3B0248CB8BA00B96EDD /* libopencv_ccalib.4.3.0.dylib */,
				6D80C3C6248CB8BB00B96EDD /* libopencv_core.4.3.0.dylib */,
				6D80C3DB248CB8BC00B96EDD /* libopencv_datasets.4.3.0.dylib */,
				6D80C3B2248CB8BA00B96EDD /* libopencv_dnn_objdetect.4.3.0.dylib */,
				6D80C3B3248CB8BA00B96EDD /* libopencv_dnn_superres.4.3.0.dylib */,
				6D80C3B8248CB8BA00B96EDD /* libopencv_dpm.4.3.0.dylib */,
				6D80C3DA248CB8BC00B96EDD /* libopencv_face.4.3.0.dylib */,
				6D80C3B4248CB8BA00B96EDD /* libopencv_features2d.4.3.0.dylib */,
				6D80C3BC248CB8BA00B96EDD /* libopencv_freetype.4.3.0.dylib */,
				6D80C3D1248CB8BB00B96EDD /* libopencv_fuzzy.4.3.0.dylib */,
				6D80C3AF248CB8BA00B96EDD /* libopencv_gapi.4.3.0.dylib */,
				6D80C3C8248CB8BB00B96EDD /* libopencv_hfs.4.3.0.dylib */,
				6D80C3D9248CB8BC00B96EDD /* libopencv_img_hash.4.3.0.dylib */,
				6D80C3B9248CB8BA00B96EDD /* libopencv_imgcodecs.4.3.0.dylib */,
				6D80C3BA248CB8BA00B96EDD /* libopencv_intensity_transform.4.3.0.dylib */,
				6D80C3CD248CB8BB00B96EDD /* libopencv_line_descriptor.4.3.0.dylib */,
				6D80C3D6248CB8BC00B96EDD /* libopencv_ml.4.3.0.dylib */,
				6D80C3CC248CB8BB00B96EDD /* libopencv_objdetect.4.3.0.dylib */,
				6D80C3C1248CB8BB00B96EDD /* libopencv_optflow.4.3.0.dylib */,
				6D80C3B7248CB8BA00B96EDD /* libopencv_phase_unwrapping.4.3.0.dylib */,
				6D80C3C9248CB8BB00B96EDD /* libopencv_photo.4.3.0.dylib */,
				6D80C3CE248CB8BB00B96EDD /* libopencv_plot.4.3.0.dylib */,
				6D80C3DC248CB8BC00B96EDD /* libopencv_quality.4.3.0.dylib */,
				6D80C3B1248CB8BA00B96EDD /* libopencv_rapid.4.3.0.dylib */,
				6D80C3C5248CB8BB00B96EDD /* libopencv_reg.4.3.0.dylib */,
				6D80C3C4248CB8BB00B96EDD /* libopencv_rgbd.4.3.0.dylib */,
				6D80C3CA248CB8BB00B96EDD /* libopencv_saliency.4.3.0.dylib */,
				6D80C3D7248CB8BC00B96EDD /* libopencv_sfm.4.3.0.dylib */,
				6D80C3BB248CB8BA00B96EDD /* libopencv_shape.4.3.0.dylib */,
				6D80C3CF248CB8BB00B96EDD /* libopencv_stereo.4.3.0.dylib */,
				6D80C3D0248CB8BB00B96EDD /* libopencv_stitching.4.3.0.dylib */,
				6D80C3DD248CB8BC00B96EDD /* libopencv_structured_light.4.3.0.dylib */,
				6D80C3BD248CB8BA00B96EDD /* libopencv_superres.4.3.0.dylib */,
				6D80C3D2248CB8BC00B96EDD /* libopencv_surface_matching.4.3.0.dylib */,
				6D80C3D3248CB8BC00B96EDD /* libopencv_text.4.3.0.dylib */,
				6D80C3BF248CB8BB00B96EDD /* libopencv_tracking.4.3.0.dylib */,
				6D80C3BE248CB8BA00B96EDD /* libopencv_video.4.3.0.dylib */,
				6D80C3D5248CB8BC00B96EDD /* libopencv_videoio.4.3.0.dylib */,
				6D80C3D4248CB8BC00B96EDD /* libopencv_videostab.4.3.0.dylib */,
				6D80C3B5248CB8BA00B96EDD /* libopencv_xfeatures2d.4.3.0.dylib */,
				6D80C3C0248CB8BB00B96EDD /* libopencv_ximgproc.4.3.0.dylib */,
				6D80C3D8248CB8BC00B96EDD /* libopencv_xobjdetect.4.3.0.dylib */,
				6D80C3AB248CB6CF00B96EDD /* libopencv_xphoto.4.3.0.dylib */,
				6D80C3A9248CB66200B96EDD /* libopencv_highgui.4.3.0.dylib */,
				6D80C3A7248CB57900B96EDD /* libopencv_flann.4.3.0.dylib */,
				6D80C3A5248CB52E00B96EDD /* libopencv_imgproc.4.3.0.dylib */,
				6D80C39D248CB36700B96EDD /* openCV-test */,
				6D80C39C248CB36700B96EDD /* Products */,
			);
			sourceTree = "<group>";
		};
		6D80C39C248CB36700B96EDD /* Products */ = {
			isa = PBXGroup;
			children = (
				6D80C39B248CB36700B96EDD /* openCV-test */,
			);
			name = Products;
			sourceTree = "<group>";
		};
		6D80C39D248CB36700B96EDD /* openCV-test */ = {
			isa = PBXGroup;
			children = (
				6D80C39E248CB36700B96EDD /* main.cpp */,
			);
			path = "openCV-test";
			sourceTree = "<group>";
		};
/* End PBXGroup section */

/* Begin PBXNativeTarget section */
		6D80C39A248CB36700B96EDD /* openCV-test */ = {
			isa = PBXNativeTarget;
			buildConfigurationList = 6D80C3A2248CB36700B96EDD /* Build configuration list for PBXNativeTarget "openCV-test" */;
			buildPhases = (
				6D80C397248CB36700B96EDD /* Sources */,
				6D80C398248CB36700B96EDD /* Frameworks */,
				6D80C399248CB36700B96EDD /* CopyFiles */,
			);
			buildRules = (
			);
			dependencies = (
			);
			name = "openCV-test";
			productName = "openCV-test";
			productReference = 6D80C39B248CB36700B96EDD /* openCV-test */;
			productType = "com.apple.product-type.tool";
		};
/* End PBXNativeTarget section */

/* Begin PBXProject section */
		6D80C393248CB36700B96EDD /* Project object */ = {
			isa = PBXProject;
			attributes = {
				LastUpgradeCheck = 1030;
				ORGANIZATIONNAME = "Daksh Gupta";
				TargetAttributes = {
					6D80C39A248CB36700B96EDD = {
						CreatedOnToolsVersion = 10.3;
					};
				};
			};
			buildConfigurationList = 6D80C396248CB36700B96EDD /* Build configuration list for PBXProject "openCV-test" */;
			compatibilityVersion = "Xcode 9.3";
			developmentRegion = en;
			hasScannedForEncodings = 0;
			knownRegions = (
				en,
			);
			mainGroup = 6D80C392248CB36700B96EDD;
			productRefGroup = 6D80C39C248CB36700B96EDD /* Products */;
			projectDirPath = "";
			projectRoot = "";
			targets = (
				6D80C39A248CB36700B96EDD /* openCV-test */,
			);
		};
/* End PBXProject section */

/* Begin PBXSourcesBuildPhase section */
		6D80C397248CB36700B96EDD /* Sources */ = {
			isa = PBXSourcesBuildPhase;
			buildActionMask = 2147483647;
			files = (
				6D80C39F248CB36700B96EDD /* main.cpp in Sources */,
			);
			runOnlyForDeploymentPostprocessing = 0;
		};
/* End PBXSourcesBuildPhase section */

/* Begin XCBuildConfiguration section */
		6D80C3A0248CB36700B96EDD /* Debug */ = {
			isa = XCBuildConfiguration;
			buildSettings = {
				ALWAYS_SEARCH_USER_PATHS = NO;
				CLANG_ANALYZER_NONNULL = YES;
				CLANG_ANALYZER_NUMBER_OBJECT_CONVERSION = YES_AGGRESSIVE;
				CLANG_CXX_LANGUAGE_STANDARD = "gnu++14";
				CLANG_CXX_LIBRARY = "libc++";
				CLANG_ENABLE_MODULES = YES;
				CLANG_ENABLE_OBJC_ARC = YES;
				CLANG_ENABLE_OBJC_WEAK = YES;
				CLANG_WARN_BLOCK_CAPTURE_AUTORELEASING = YES;
				CLANG_WARN_BOOL_CONVERSION = YES;
				CLANG_WARN_COMMA = YES;
				CLANG_WARN_CONSTANT_CONVERSION = YES;
				CLANG_WARN_DEPRECATED_OBJC_IMPLEMENTATIONS = YES;
				CLANG_WARN_DIRECT_OBJC_ISA_USAGE = YES_ERROR;
				CLANG_WARN_DOCUMENTATION_COMMENTS = YES;
				CLANG_WARN_EMPTY_BODY = YES;
				CLANG_WARN_ENUM_CONVERSION = YES;
				CLANG_WARN_INFINITE_RECURSION = YES;
				CLANG_WARN_INT_CONVERSION = YES;
				CLANG_WARN_NON_LITERAL_NULL_CONVERSION = YES;
				CLANG_WARN_OBJC_IMPLICIT_RETAIN_SELF = YES;
				CLANG_WARN_OBJC_LITERAL_CONVERSION = YES;
				CLANG_WARN_OBJC_ROOT_CLASS = YES_ERROR;
				CLANG_WARN_RANGE_LOOP_ANALYSIS = YES;
				CLANG_WARN_STRICT_PROTOTYPES = YES;
				CLANG_WARN_SUSPICIOUS_MOVE = YES;
				CLANG_WARN_UNGUARDED_AVAILABILITY = YES_AGGRESSIVE;
				CLANG_WARN_UNREACHABLE_CODE = YES;
				CLANG_WARN__DUPLICATE_METHOD_MATCH = YES;
				CODE_SIGN_IDENTITY = "Mac Developer";
				COPY_PHASE_STRIP = NO;
				DEBUG_INFORMATION_FORMAT = dwarf;
				ENABLE_STRICT_OBJC_MSGSEND = YES;
				ENABLE_TESTABILITY = YES;
				GCC_C_LANGUAGE_STANDARD = gnu11;
				GCC_DYNAMIC_NO_PIC = NO;
				GCC_NO_COMMON_BLOCKS = YES;
				GCC_OPTIMIZATION_LEVEL = 0;
				GCC_PREPROCESSOR_DEFINITIONS = (
					"DEBUG=1",
					"$(inherited)",
				);
				GCC_WARN_64_TO_32_BIT_CONVERSION = YES;
				GCC_WARN_ABOUT_RETURN_TYPE = YES_ERROR;
				GCC_WARN_UNDECLARED_SELECTOR = YES;
				GCC_WARN_UNINITIALIZED_AUTOS = YES_AGGRESSIVE;
				GCC_WARN_UNUSED_FUNCTION = YES;
				GCC_WARN_UNUSED_VARIABLE = YES;
				MACOSX_DEPLOYMENT_TARGET = 10.15;
				MTL_ENABLE_DEBUG_INFO = INCLUDE_SOURCE;
				MTL_FAST_MATH = YES;
				ONLY_ACTIVE_ARCH = YES;
				SDKROOT = macosx;
			};
			name = Debug;
		};
		6D80C3A1248CB36700B96EDD /* Release */ = {
			isa = XCBuildConfiguration;
			buildSettings = {
				ALWAYS_SEARCH_USER_PATHS = NO;
				CLANG_ANALYZER_NONNULL = YES;
				CLANG_ANALYZER_NUMBER_OBJECT_CONVERSION = YES_AGGRESSIVE;
				CLANG_CXX_LANGUAGE_STANDARD = "gnu++14";
				CLANG_CXX_LIBRARY = "libc++";
				CLANG_ENABLE_MODULES = YES;
				CLANG_ENABLE_OBJC_ARC = YES;
				CLANG_ENABLE_OBJC_WEAK = YES;
				CLANG_WARN_BLOCK_CAPTURE_AUTORELEASING = YES;
				CLANG_WARN_BOOL_CONVERSION = YES;
				CLANG_WARN_COMMA = YES;
				CLANG_WARN_CONSTANT_CONVERSION = YES;
				CLANG_WARN_DEPRECATED_OBJC_IMPLEMENTATIONS = YES;
				CLANG_WARN_DIRECT_OBJC_ISA_USAGE = YES_ERROR;
				CLANG_WARN_DOCUMENTATION_COMMENTS = YES;
				CLANG_WARN_EMPTY_BODY = YES;
				CLANG_WARN_ENUM_CONVERSION = YES;
				CLANG_WARN_INFINITE_RECURSION = YES;
				CLANG_WARN_INT_CONVERSION = YES;
				CLANG_WARN_NON_LITERAL_NULL_CONVERSION = YES;
				CLANG_WARN_OBJC_IMPLICIT_RETAIN_SELF = YES;
				CLANG_WARN_OBJC_LITERAL_CONVERSION = YES;
				CLANG_WARN_OBJC_ROOT_CLASS = YES_ERROR;
				CLANG_WARN_RANGE_LOOP_ANALYSIS = YES;
				CLANG_WARN_STRICT_PROTOTYPES = YES;
				CLANG_WARN_SUSPICIOUS_MOVE = YES;
				CLANG_WARN_UNGUARDED_AVAILABILITY = YES_AGGRESSIVE;
				CLANG_WARN_UNREACHABLE_CODE = YES;
				CLANG_WARN__DUPLICATE_METHOD_MATCH = YES;
				CODE_SIGN_IDENTITY = "Mac Developer";
				COPY_PHASE_STRIP = NO;
				DEBUG_INFORMATION_FORMAT = "dwarf-with-dsym";
				ENABLE_NS_ASSERTIONS = NO;
				ENABLE_STRICT_OBJC_MSGSEND = YES;
				GCC_C_LANGUAGE_STANDARD = gnu11;
				GCC_NO_COMMON_BLOCKS = YES;
				GCC_WARN_64_TO_32_BIT_CONVERSION = YES;
				GCC_WARN_ABOUT_RETURN_TYPE = YES_ERROR;
				GCC_WARN_UNDECLARED_SELECTOR = YES;
				GCC_WARN_UNINITIALIZED_AUTOS = YES_AGGRESSIVE;
				GCC_WARN_UNUSED_FUNCTION = YES;
				GCC_WARN_UNUSED_VARIABLE = YES;
				MACOSX_DEPLOYMENT_TARGET = 10.15;
				MTL_ENABLE_DEBUG_INFO = NO;
				MTL_FAST_MATH = YES;
				SDKROOT = macosx;
			};
			name = Release;
		};
		6D80C3A3248CB36700B96EDD /* Debug */ = {
			isa = XCBuildConfiguration;
			buildSettings = {
				ALWAYS_SEARCH_USER_PATHS = YES;
				CODE_SIGN_STYLE = Automatic;
				DEVELOPMENT_TEAM = T46DRJJ52H;
				FRAMEWORK_SEARCH_PATHS = /usr/local/lib;
				HEADER_SEARCH_PATHS = /usr/local/include/opencv4;
				LIBRARY_SEARCH_PATHS = (
					"$(inherited)",
					/usr/local/Cellar/opencv/4.3.0_4/lib,
					/usr/local/Cellar/jpeg/9d/lib,
				);
				PRODUCT_NAME = "$(TARGET_NAME)";
			};
			name = Debug;
		};
		6D80C3A4248CB36700B96EDD /* Release */ = {
			isa = XCBuildConfiguration;
			buildSettings = {
				ALWAYS_SEARCH_USER_PATHS = YES;
				CODE_SIGN_STYLE = Automatic;
				DEVELOPMENT_TEAM = T46DRJJ52H;
				FRAMEWORK_SEARCH_PATHS = /usr/local/lib;
				HEADER_SEARCH_PATHS = /usr/local/include/opencv4;
				LIBRARY_SEARCH_PATHS = (
					"$(inherited)",
					/usr/local/Cellar/opencv/4.3.0_4/lib,
					/usr/local/Cellar/jpeg/9d/lib,
				);
				PRODUCT_NAME = "$(TARGET_NAME)";
			};
			name = Release;
		};
/* End XCBuildConfiguration section */

/* Begin XCConfigurationList section */
		6D80C396248CB36700B96EDD /* Build configuration list for PBXProject "openCV-test" */ = {
			isa = XCConfigurationList;
			buildConfigurations = (
				6D80C3A0248CB36700B96EDD /* Debug */,
				6D80C3A1248CB36700B96EDD /* Release */,
			);
			defaultConfigurationIsVisible = 0;
			defaultConfigurationName = Release;
		};
		6D80C3A2248CB36700B96EDD /* Build configuration list for PBXNativeTarget "openCV-test" */ = {
			isa = XCConfigurationList;
			buildConfigurations = (
				6D80C3A3248CB36700B96EDD /* Debug */,
				6D80C3A4248CB36700B96EDD /* Release */,
			);
			defaultConfigurationIsVisible = 0;
			defaultConfigurationName = Release;
		};
/* End XCConfigurationList section */
	};
	rootObject = 6D80C393248CB36700B96EDD /* Project object */;
}
